
Microsoft Visual Studio Solution File, Format Version 12.00
# Visual Studio Version 17
VisualStudioVersion = 17.9.34616.47
MinimumVisualStudioVersion = 10.0.40219.1
Project("{FAE04EC0-301F-11D3-BF4B-00C04F79EFBC}") = "Car_DeailerShip_Vue.Server", "Car_DeailerShip_Vue.Server\Car_DeailerShip_Vue.Server.csproj", "{DA3B8263-460D-42BE-BA9F-F201A3D7DECB}"
EndProject
Project("{54A90642-561A-4BB1-A94E-469ADEE60C69}") = "car_deailership_vue.client", "car_deailership_vue.client\car_deailership_vue.client.esproj", "{628C687A-0B68-4350-8F66-BD744027865A}"
EndProject
Global
	GlobalSection(SolutionConfigurationPlatforms) = preSolution
		Debug|Any CPU = Debug|Any CPU
		Release|Any CPU = Release|Any CPU
	EndGlobalSection
	GlobalSection(ProjectConfigurationPlatforms) = postSolution
		{DA3B8263-460D-42BE-BA9F-F201A3D7DECB}.Debug|Any CPU.ActiveCfg = Debug|Any CPU
		{DA3B8263-460D-42BE-BA9F-F201A3D7DECB}.Debug|Any CPU.Build.0 = Debug|Any CPU
		{DA3B8263-460D-42BE-BA9F-F201A3D7DECB}.Release|Any CPU.ActiveCfg = Release|Any CPU
		{DA3B8263-460D-42BE-BA9F-F201A3D7DECB}.Release|Any CPU.Build.0 = Release|Any CPU
		{628C687A-0B68-4350-8F66-BD744027865A}.Debug|Any CPU.ActiveCfg = Debug|Any CPU
		{628C687A-0B68-4350-8F66-BD744027865A}.Debug|Any CPU.Build.0 = Debug|Any CPU
		{628C687A-0B68-4350-8F66-BD744027865A}.Debug|Any CPU.Deploy.0 = Debug|Any CPU
		{628C687A-0B68-4350-8F66-BD744027865A}.Release|Any CPU.ActiveCfg = Release|Any CPU
		{628C687A-0B68-4350-8F66-BD744027865A}.Release|Any CPU.Build.0 = Release|Any CPU
		{628C687A-0B68-4350-8F66-BD744027865A}.Release|Any CPU.Deploy.0 = Release|Any CPU
	EndGlobalSection
	GlobalSection(SolutionProperties) = preSolution
		HideSolutionNode = FALSE
	EndGlobalSection
	GlobalSection(ExtensibilityGlobals) = postSolution
		SolutionGuid = {811E03F1-D72F-4734-915D-7FC6A120987C}
	EndGlobalSection
EndGlobal
